
Microsoft Visual Studio Solution File, Format Version 12.00
# Visual Studio 15
VisualStudioVersion = 15.0.28307.271
MinimumVisualStudioVersion = 10.0.40219.1
Project("{FAE04EC0-301F-11D3-BF4B-00C04F79EFBC}") = "sales.Android", "sales\sales.Android\sales.Android.csproj", "{7057406C-20C5-4623-BCA4-27EF81828B68}"
EndProject
Project("{FAE04EC0-301F-11D3-BF4B-00C04F79EFBC}") = "sales.iOS", "sales\sales.iOS\sales.iOS.csproj", "{46E55B89-E85E-4AB3-BCDA-DDB15BDC15BA}"
EndProject
Project("{9A19103F-16F7-4668-BE54-9A1E7A4F7556}") = "sales", "sales\sales\sales.csproj", "{016FAA1B-6E49-4E8B-AFFA-960D5BD3D61D}"
EndProject
Project("{FAE04EC0-301F-11D3-BF4B-00C04F79EFBC}") = "sales.Backend", "sales.Backend\sales.Backend.csproj", "{8D151B56-FC8A-45A7-AB05-61426A1C27E1}"
EndProject
Project("{FAE04EC0-301F-11D3-BF4B-00C04F79EFBC}") = "sales.API", "sales.API\sales.API.csproj", "{A90EEDB7-B0BF-4570-9A5C-51D9C497EDCA}"
EndProject
Project("{FAE04EC0-301F-11D3-BF4B-00C04F79EFBC}") = "sales.Domain", "sales.Domain\sales.Domain.csproj", "{9F903487-A24A-4CD7-A01F-B78716F2D2DA}"
EndProject
Project("{FAE04EC0-301F-11D3-BF4B-00C04F79EFBC}") = "sales.Common", "sales.Common\sales.Common.csproj", "{AC483985-3680-405F-AD72-9D5CE7C40E50}"
EndProject
Global
	GlobalSection(SolutionConfigurationPlatforms) = preSolution
		Ad-Hoc|Any CPU = Ad-Hoc|Any CPU
		Ad-Hoc|ARM = Ad-Hoc|ARM
		Ad-Hoc|iPhone = Ad-Hoc|iPhone
		Ad-Hoc|iPhoneSimulator = Ad-Hoc|iPhoneSimulator
		Ad-Hoc|x64 = Ad-Hoc|x64
		Ad-Hoc|x86 = Ad-Hoc|x86
		AppStore|Any CPU = AppStore|Any CPU
		AppStore|ARM = AppStore|ARM
		AppStore|iPhone = AppStore|iPhone
		AppStore|iPhoneSimulator = AppStore|iPhoneSimulator
		AppStore|x64 = AppStore|x64
		AppStore|x86 = AppStore|x86
		Debug|Any CPU = Debug|Any CPU
		Debug|ARM = Debug|ARM
		Debug|iPhone = Debug|iPhone
		Debug|iPhoneSimulator = Debug|iPhoneSimulator
		Debug|x64 = Debug|x64
		Debug|x86 = Debug|x86
		Release|Any CPU = Release|Any CPU
		Release|ARM = Release|ARM
		Release|iPhone = Release|iPhone
		Release|iPhoneSimulator = Release|iPhoneSimulator
		Release|x64 = Release|x64
		Release|x86 = Release|x86
	EndGlobalSection
	GlobalSection(ProjectConfigurationPlatforms) = postSolution
		{7057406C-20C5-4623-BCA4-27EF81828B68}.Ad-Hoc|Any CPU.ActiveCfg = Release|Any CPU
		{7057406C-20C5-4623-BCA4-27EF81828B68}.Ad-Hoc|Any CPU.Build.0 = Release|Any CPU
		{7057406C-20C5-4623-BCA4-27EF81828B68}.Ad-Hoc|Any CPU.Deploy.0 = Release|Any CPU
		{7057406C-20C5-4623-BCA4-27EF81828B68}.Ad-Hoc|ARM.ActiveCfg = Release|Any CPU
		{7057406C-20C5-4623-BCA4-27EF81828B68}.Ad-Hoc|ARM.Build.0 = Release|Any CPU
		{7057406C-20C5-4623-BCA4-27EF81828B68}.Ad-Hoc|ARM.Deploy.0 = Release|Any CPU
		{7057406C-20C5-4623-BCA4-27EF81828B68}.Ad-Hoc|iPhone.ActiveCfg = Release|Any CPU
		{7057406C-20C5-4623-BCA4-27EF81828B68}.Ad-Hoc|iPhone.Build.0 = Release|Any CPU
		{7057406C-20C5-4623-BCA4-27EF81828B68}.Ad-Hoc|iPhone.Deploy.0 = Release|Any CPU
		{7057406C-20C5-4623-BCA4-27EF81828B68}.Ad-Hoc|iPhoneSimulator.ActiveCfg = Release|Any CPU
		{7057406C-20C5-4623-BCA4-27EF81828B68}.Ad-Hoc|iPhoneSimulator.Build.0 = Release|Any CPU
		{7057406C-20C5-4623-BCA4-27EF81828B68}.Ad-Hoc|iPhoneSimulator.Deploy.0 = Release|Any CPU
		{7057406C-20C5-4623-BCA4-27EF81828B68}.Ad-Hoc|x64.ActiveCfg = Release|Any CPU
		{7057406C-20C5-4623-BCA4-27EF81828B68}.Ad-Hoc|x64.Build.0 = Release|Any CPU
		{7057406C-20C5-4623-BCA4-27EF81828B68}.Ad-Hoc|x64.Deploy.0 = Release|Any CPU
		{7057406C-20C5-4623-BCA4-27EF81828B68}.Ad-Hoc|x86.ActiveCfg = Release|Any CPU
		{7057406C-20C5-4623-BCA4-27EF81828B68}.Ad-Hoc|x86.Build.0 = Release|Any CPU
		{7057406C-20C5-4623-BCA4-27EF81828B68}.Ad-Hoc|x86.Deploy.0 = Release|Any CPU
		{7057406C-20C5-4623-BCA4-27EF81828B68}.AppStore|Any CPU.ActiveCfg = Release|Any CPU
		{7057406C-20C5-4623-BCA4-27EF81828B68}.AppStore|Any CPU.Build.0 = Release|Any CPU
		{7057406C-20C5-4623-BCA4-27EF81828B68}.AppStore|Any CPU.Deploy.0 = Release|Any CPU
		{7057406C-20C5-4623-BCA4-27EF81828B68}.AppStore|ARM.ActiveCfg = Release|Any CPU
		{7057406C-20C5-4623-BCA4-27EF81828B68}.AppStore|ARM.Build.0 = Release|Any CPU
		{7057406C-20C5-4623-BCA4-27EF81828B68}.AppStore|ARM.Deploy.0 = Release|Any CPU
		{7057406C-20C5-4623-BCA4-27EF81828B68}.AppStore|iPhone.ActiveCfg = Release|Any CPU
		{7057406C-20C5-4623-BCA4-27EF81828B68}.AppStore|iPhone.Build.0 = Release|Any CPU
		{7057406C-20C5-4623-BCA4-27EF81828B68}.AppStore|iPhone.Deploy.0 = Release|Any CPU
		{7057406C-20C5-4623-BCA4-27EF81828B68}.AppStore|iPhoneSimulator.ActiveCfg = Release|Any CPU
		{7057406C-20C5-4623-BCA4-27EF81828B68}.AppStore|iPhoneSimulator.Build.0 = Release|Any CPU
		{7057406C-20C5-4623-BCA4-27EF81828B68}.AppStore|iPhoneSimulator.Deploy.0 = Release|Any CPU
		{7057406C-20C5-4623-BCA4-27EF81828B68}.AppStore|x64.ActiveCfg = Release|Any CPU
		{7057406C-20C5-4623-BCA4-27EF81828B68}.AppStore|x64.Build.0 = Release|Any CPU
		{7057406C-20C5-4623-BCA4-27EF81828B68}.AppStore|x64.Deploy.0 = Release|Any CPU
		{7057406C-20C5-4623-BCA4-27EF81828B68}.AppStore|x86.ActiveCfg = Release|Any CPU
		{7057406C-20C5-4623-BCA4-27EF81828B68}.AppStore|x86.Build.0 = Release|Any CPU
		{7057406C-20C5-4623-BCA4-27EF81828B68}.AppStore|x86.Deploy.0 = Release|Any CPU
		{7057406C-20C5-4623-BCA4-27EF81828B68}.Debug|Any CPU.ActiveCfg = Debug|Any CPU
		{7057406C-20C5-4623-BCA4-27EF81828B68}.Debug|Any CPU.Build.0 = Debug|Any CPU
		{7057406C-20C5-4623-BCA4-27EF81828B68}.Debug|Any CPU.Deploy.0 = Debug|Any CPU
		{7057406C-20C5-4623-BCA4-27EF81828B68}.Debug|ARM.ActiveCfg = Debug|Any CPU
		{7057406C-20C5-4623-BCA4-27EF81828B68}.Debug|ARM.Build.0 = Debug|Any CPU
		{7057406C-20C5-4623-BCA4-27EF81828B68}.Debug|ARM.Deploy.0 = Debug|Any CPU
		{7057406C-20C5-4623-BCA4-27EF81828B68}.Debug|iPhone.ActiveCfg = Debug|Any CPU
		{7057406C-20C5-4623-BCA4-27EF81828B68}.Debug|iPhone.Build.0 = Debug|Any CPU
		{7057406C-20C5-4623-BCA4-27EF81828B68}.Debug|iPhone.Deploy.0 = Debug|Any CPU
		{7057406C-20C5-4623-BCA4-27EF81828B68}.Debug|iPhoneSimulator.ActiveCfg = Debug|Any CPU
		{7057406C-20C5-4623-BCA4-27EF81828B68}.Debug|iPhoneSimulator.Build.0 = Debug|Any CPU
		{7057406C-20C5-4623-BCA4-27EF81828B68}.Debug|iPhoneSimulator.Deploy.0 = Debug|Any CPU
		{7057406C-20C5-4623-BCA4-27EF81828B68}.Debug|x64.ActiveCfg = Debug|Any CPU
		{7057406C-20C5-4623-BCA4-27EF81828B68}.Debug|x64.Build.0 = Debug|Any CPU
		{7057406C-20C5-4623-BCA4-27EF81828B68}.Debug|x64.Deploy.0 = Debug|Any CPU
		{7057406C-20C5-4623-BCA4-27EF81828B68}.Debug|x86.ActiveCfg = Debug|Any CPU
		{7057406C-20C5-4623-BCA4-27EF81828B68}.Debug|x86.Build.0 = Debug|Any CPU
		{7057406C-20C5-4623-BCA4-27EF81828B68}.Debug|x86.Deploy.0 = Debug|Any CPU
		{7057406C-20C5-4623-BCA4-27EF81828B68}.Release|Any CPU.ActiveCfg = Release|Any CPU
		{7057406C-20C5-4623-BCA4-27EF81828B68}.Release|Any CPU.Build.0 = Release|Any CPU
		{7057406C-20C5-4623-BCA4-27EF81828B68}.Release|Any CPU.Deploy.0 = Release|Any CPU
		{7057406C-20C5-4623-BCA4-27EF81828B68}.Release|ARM.ActiveCfg = Release|Any CPU
		{7057406C-20C5-4623-BCA4-27EF81828B68}.Release|ARM.Build.0 = Release|Any CPU
		{7057406C-20C5-4623-BCA4-27EF81828B68}.Release|ARM.Deploy.0 = Release|Any CPU
		{7057406C-20C5-4623-BCA4-27EF81828B68}.Release|iPhone.ActiveCfg = Release|Any CPU
		{7057406C-20C5-4623-BCA4-27EF81828B68}.Release|iPhone.Build.0 = Release|Any CPU
		{7057406C-20C5-4623-BCA4-27EF81828B68}.Release|iPhone.Deploy.0 = Release|Any CPU
		{7057406C-20C5-4623-BCA4-27EF81828B68}.Release|iPhoneSimulator.ActiveCfg = Release|Any CPU
		{7057406C-20C5-4623-BCA4-27EF81828B68}.Release|iPhoneSimulator.Build.0 = Release|Any CPU
		{7057406C-20C5-4623-BCA4-27EF81828B68}.Release|iPhoneSimulator.Deploy.0 = Release|Any CPU
		{7057406C-20C5-4623-BCA4-27EF81828B68}.Release|x64.ActiveCfg = Release|Any CPU
		{7057406C-20C5-4623-BCA4-27EF81828B68}.Release|x64.Build.0 = Release|Any CPU
		{7057406C-20C5-4623-BCA4-27EF81828B68}.Release|x64.Deploy.0 = Release|Any CPU
		{7057406C-20C5-4623-BCA4-27EF81828B68}.Release|x86.ActiveCfg = Release|Any CPU
		{7057406C-20C5-4623-BCA4-27EF81828B68}.Release|x86.Build.0 = Release|Any CPU
		{7057406C-20C5-4623-BCA4-27EF81828B68}.Release|x86.Deploy.0 = Release|Any CPU
		{46E55B89-E85E-4AB3-BCDA-DDB15BDC15BA}.Ad-Hoc|Any CPU.ActiveCfg = Ad-Hoc|iPhone
		{46E55B89-E85E-4AB3-BCDA-DDB15BDC15BA}.Ad-Hoc|Any CPU.Build.0 = Ad-Hoc|iPhone
		{46E55B89-E85E-4AB3-BCDA-DDB15BDC15BA}.Ad-Hoc|Any CPU.Deploy.0 = Ad-Hoc|iPhone
		{46E55B89-E85E-4AB3-BCDA-DDB15BDC15BA}.Ad-Hoc|ARM.ActiveCfg = Ad-Hoc|iPhone
		{46E55B89-E85E-4AB3-BCDA-DDB15BDC15BA}.Ad-Hoc|ARM.Build.0 = Ad-Hoc|iPhone
		{46E55B89-E85E-4AB3-BCDA-DDB15BDC15BA}.Ad-Hoc|ARM.Deploy.0 = Ad-Hoc|iPhone
		{46E55B89-E85E-4AB3-BCDA-DDB15BDC15BA}.Ad-Hoc|iPhone.ActiveCfg = Ad-Hoc|iPhone
		{46E55B89-E85E-4AB3-BCDA-DDB15BDC15BA}.Ad-Hoc|iPhone.Build.0 = Ad-Hoc|iPhone
		{46E55B89-E85E-4AB3-BCDA-DDB15BDC15BA}.Ad-Hoc|iPhone.Deploy.0 = Ad-Hoc|iPhone
		{46E55B89-E85E-4AB3-BCDA-DDB15BDC15BA}.Ad-Hoc|iPhoneSimulator.ActiveCfg = Ad-Hoc|iPhoneSimulator
		{46E55B89-E85E-4AB3-BCDA-DDB15BDC15BA}.Ad-Hoc|iPhoneSimulator.Build.0 = Ad-Hoc|iPhoneSimulator
		{46E55B89-E85E-4AB3-BCDA-DDB15BDC15BA}.Ad-Hoc|iPhoneSimulator.Deploy.0 = Ad-Hoc|iPhoneSimulator
		{46E55B89-E85E-4AB3-BCDA-DDB15BDC15BA}.Ad-Hoc|x64.ActiveCfg = Ad-Hoc|iPhone
		{46E55B89-E85E-4AB3-BCDA-DDB15BDC15BA}.Ad-Hoc|x64.Build.0 = Ad-Hoc|iPhone
		{46E55B89-E85E-4AB3-BCDA-DDB15BDC15BA}.Ad-Hoc|x64.Deploy.0 = Ad-Hoc|iPhone
		{46E55B89-E85E-4AB3-BCDA-DDB15BDC15BA}.Ad-Hoc|x86.ActiveCfg = Ad-Hoc|iPhone
		{46E55B89-E85E-4AB3-BCDA-DDB15BDC15BA}.Ad-Hoc|x86.Build.0 = Ad-Hoc|iPhone
		{46E55B89-E85E-4AB3-BCDA-DDB15BDC15BA}.Ad-Hoc|x86.Deploy.0 = Ad-Hoc|iPhone
		{46E55B89-E85E-4AB3-BCDA-DDB15BDC15BA}.AppStore|Any CPU.ActiveCfg = AppStore|iPhone
		{46E55B89-E85E-4AB3-BCDA-DDB15BDC15BA}.AppStore|Any CPU.Build.0 = AppStore|iPhone
		{46E55B89-E85E-4AB3-BCDA-DDB15BDC15BA}.AppStore|Any CPU.Deploy.0 = AppStore|iPhone
		{46E55B89-E85E-4AB3-BCDA-DDB15BDC15BA}.AppStore|ARM.ActiveCfg = AppStore|iPhone
		{46E55B89-E85E-4AB3-BCDA-DDB15BDC15BA}.AppStore|ARM.Build.0 = AppStore|iPhone
		{46E55B89-E85E-4AB3-BCDA-DDB15BDC15BA}.AppStore|ARM.Deploy.0 = AppStore|iPhone
		{46E55B89-E85E-4AB3-BCDA-DDB15BDC15BA}.AppStore|iPhone.ActiveCfg = AppStore|iPhone
		{46E55B89-E85E-4AB3-BCDA-DDB15BDC15BA}.AppStore|iPhone.Build.0 = AppStore|iPhone
		{46E55B89-E85E-4AB3-BCDA-DDB15BDC15BA}.AppStore|iPhone.Deploy.0 = AppStore|iPhone
		{46E55B89-E85E-4AB3-BCDA-DDB15BDC15BA}.AppStore|iPhoneSimulator.ActiveCfg = AppStore|iPhoneSimulator
		{46E55B89-E85E-4AB3-BCDA-DDB15BDC15BA}.AppStore|iPhoneSimulator.Build.0 = AppStore|iPhoneSimulator
		{46E55B89-E85E-4AB3-BCDA-DDB15BDC15BA}.AppStore|iPhoneSimulator.Deploy.0 = AppStore|iPhoneSimulator
		{46E55B89-E85E-4AB3-BCDA-DDB15BDC15BA}.AppStore|x64.ActiveCfg = AppStore|iPhone
		{46E55B89-E85E-4AB3-BCDA-DDB15BDC15BA}.AppStore|x64.Build.0 = AppStore|iPhone
		{46E55B89-E85E-4AB3-BCDA-DDB15BDC15BA}.AppStore|x64.Deploy.0 = AppStore|iPhone
		{46E55B89-E85E-4AB3-BCDA-DDB15BDC15BA}.AppStore|x86.ActiveCfg = AppStore|iPhone
		{46E55B89-E85E-4AB3-BCDA-DDB15BDC15BA}.AppStore|x86.Build.0 = AppStore|iPhone
		{46E55B89-E85E-4AB3-BCDA-DDB15BDC15BA}.AppStore|x86.Deploy.0 = AppStore|iPhone
		{46E55B89-E85E-4AB3-BCDA-DDB15BDC15BA}.Debug|Any CPU.ActiveCfg = Debug|iPhoneSimulator
		{46E55B89-E85E-4AB3-BCDA-DDB15BDC15BA}.Debug|Any CPU.Build.0 = Debug|iPhoneSimulator
		{46E55B89-E85E-4AB3-BCDA-DDB15BDC15BA}.Debug|Any CPU.Deploy.0 = Debug|iPhoneSimulator
		{46E55B89-E85E-4AB3-BCDA-DDB15BDC15BA}.Debug|ARM.ActiveCfg = Debug|iPhone
		{46E55B89-E85E-4AB3-BCDA-DDB15BDC15BA}.Debug|ARM.Build.0 = Debug|iPhone
		{46E55B89-E85E-4AB3-BCDA-DDB15BDC15BA}.Debug|ARM.Deploy.0 = Debug|iPhone
		{46E55B89-E85E-4AB3-BCDA-DDB15BDC15BA}.Debug|iPhone.ActiveCfg = Debug|iPhone
		{46E55B89-E85E-4AB3-BCDA-DDB15BDC15BA}.Debug|iPhone.Build.0 = Debug|iPhone
		{46E55B89-E85E-4AB3-BCDA-DDB15BDC15BA}.Debug|iPhone.Deploy.0 = Debug|iPhone
		{46E55B89-E85E-4AB3-BCDA-DDB15BDC15BA}.Debug|iPhoneSimulator.ActiveCfg = Debug|iPhoneSimulator
		{46E55B89-E85E-4AB3-BCDA-DDB15BDC15BA}.Debug|iPhoneSimulator.Build.0 = Debug|iPhoneSimulator
		{46E55B89-E85E-4AB3-BCDA-DDB15BDC15BA}.Debug|iPhoneSimulator.Deploy.0 = Debug|iPhoneSimulator
		{46E55B89-E85E-4AB3-BCDA-DDB15BDC15BA}.Debug|x64.ActiveCfg = Debug|iPhone
		{46E55B89-E85E-4AB3-BCDA-DDB15BDC15BA}.Debug|x64.Build.0 = Debug|iPhone
		{46E55B89-E85E-4AB3-BCDA-DDB15BDC15BA}.Debug|x64.Deploy.0 = Debug|iPhone
		{46E55B89-E85E-4AB3-BCDA-DDB15BDC15BA}.Debug|x86.ActiveCfg = Debug|iPhone
		{46E55B89-E85E-4AB3-BCDA-DDB15BDC15BA}.Debug|x86.Build.0 = Debug|iPhone
		{46E55B89-E85E-4AB3-BCDA-DDB15BDC15BA}.Debug|x86.Deploy.0 = Debug|iPhone
		{46E55B89-E85E-4AB3-BCDA-DDB15BDC15BA}.Release|Any CPU.ActiveCfg = Release|iPhone
		{46E55B89-E85E-4AB3-BCDA-DDB15BDC15BA}.Release|Any CPU.Build.0 = Release|iPhone
		{46E55B89-E85E-4AB3-BCDA-DDB15BDC15BA}.Release|Any CPU.Deploy.0 = Release|iPhone
		{46E55B89-E85E-4AB3-BCDA-DDB15BDC15BA}.Release|ARM.ActiveCfg = Release|iPhone
		{46E55B89-E85E-4AB3-BCDA-DDB15BDC15BA}.Release|ARM.Build.0 = Release|iPhone
		{46E55B89-E85E-4AB3-BCDA-DDB15BDC15BA}.Release|ARM.Deploy.0 = Release|iPhone
		{46E55B89-E85E-4AB3-BCDA-DDB15BDC15BA}.Release|iPhone.ActiveCfg = Release|iPhone
		{46E55B89-E85E-4AB3-BCDA-DDB15BDC15BA}.Release|iPhone.Build.0 = Release|iPhone
		{46E55B89-E85E-4AB3-BCDA-DDB15BDC15BA}.Release|iPhone.Deploy.0 = Release|iPhone
		{46E55B89-E85E-4AB3-BCDA-DDB15BDC15BA}.Release|iPhoneSimulator.ActiveCfg = Release|iPhoneSimulator
		{46E55B89-E85E-4AB3-BCDA-DDB15BDC15BA}.Release|iPhoneSimulator.Build.0 = Release|iPhoneSimulator
		{46E55B89-E85E-4AB3-BCDA-DDB15BDC15BA}.Release|iPhoneSimulator.Deploy.0 = Release|iPhoneSimulator
		{46E55B89-E85E-4AB3-BCDA-DDB15BDC15BA}.Release|x64.ActiveCfg = Release|iPhone
		{46E55B89-E85E-4AB3-BCDA-DDB15BDC15BA}.Release|x64.Build.0 = Release|iPhone
		{46E55B89-E85E-4AB3-BCDA-DDB15BDC15BA}.Release|x64.Deploy.0 = Release|iPhone
		{46E55B89-E85E-4AB3-BCDA-DDB15BDC15BA}.Release|x86.ActiveCfg = Release|iPhone
		{46E55B89-E85E-4AB3-BCDA-DDB15BDC15BA}.Release|x86.Build.0 = Release|iPhone
		{46E55B89-E85E-4AB3-BCDA-DDB15BDC15BA}.Release|x86.Deploy.0 = Release|iPhone
		{016FAA1B-6E49-4E8B-AFFA-960D5BD3D61D}.Ad-Hoc|Any CPU.ActiveCfg = Debug|Any CPU
		{016FAA1B-6E49-4E8B-AFFA-960D5BD3D61D}.Ad-Hoc|Any CPU.Build.0 = Debug|Any CPU
		{016FAA1B-6E49-4E8B-AFFA-960D5BD3D61D}.Ad-Hoc|Any CPU.Deploy.0 = Debug|Any CPU
		{016FAA1B-6E49-4E8B-AFFA-960D5BD3D61D}.Ad-Hoc|ARM.ActiveCfg = Debug|Any CPU
		{016FAA1B-6E49-4E8B-AFFA-960D5BD3D61D}.Ad-Hoc|ARM.Build.0 = Debug|Any CPU
		{016FAA1B-6E49-4E8B-AFFA-960D5BD3D61D}.Ad-Hoc|ARM.Deploy.0 = Debug|Any CPU
		{016FAA1B-6E49-4E8B-AFFA-960D5BD3D61D}.Ad-Hoc|iPhone.ActiveCfg = Debug|Any CPU
		{016FAA1B-6E49-4E8B-AFFA-960D5BD3D61D}.Ad-Hoc|iPhone.Build.0 = Debug|Any CPU
		{016FAA1B-6E49-4E8B-AFFA-960D5BD3D61D}.Ad-Hoc|iPhone.Deploy.0 = Debug|Any CPU
		{016FAA1B-6E49-4E8B-AFFA-960D5BD3D61D}.Ad-Hoc|iPhoneSimulator.ActiveCfg = Debug|Any CPU
		{016FAA1B-6E49-4E8B-AFFA-960D5BD3D61D}.Ad-Hoc|iPhoneSimulator.Build.0 = Debug|Any CPU
		{016FAA1B-6E49-4E8B-AFFA-960D5BD3D61D}.Ad-Hoc|iPhoneSimulator.Deploy.0 = Debug|Any CPU
		{016FAA1B-6E49-4E8B-AFFA-960D5BD3D61D}.Ad-Hoc|x64.ActiveCfg = Debug|Any CPU
		{016FAA1B-6E49-4E8B-AFFA-960D5BD3D61D}.Ad-Hoc|x64.Build.0 = Debug|Any CPU
		{016FAA1B-6E49-4E8B-AFFA-960D5BD3D61D}.Ad-Hoc|x64.Deploy.0 = Debug|Any CPU
		{016FAA1B-6E49-4E8B-AFFA-960D5BD3D61D}.Ad-Hoc|x86.ActiveCfg = Debug|Any CPU
		{016FAA1B-6E49-4E8B-AFFA-960D5BD3D61D}.Ad-Hoc|x86.Build.0 = Debug|Any CPU
		{016FAA1B-6E49-4E8B-AFFA-960D5BD3D61D}.Ad-Hoc|x86.Deploy.0 = Debug|Any CPU
		{016FAA1B-6E49-4E8B-AFFA-960D5BD3D61D}.AppStore|Any CPU.ActiveCfg = Debug|Any CPU
		{016FAA1B-6E49-4E8B-AFFA-960D5BD3D61D}.AppStore|Any CPU.Build.0 = Debug|Any CPU
		{016FAA1B-6E49-4E8B-AFFA-960D5BD3D61D}.AppStore|Any CPU.Deploy.0 = Debug|Any CPU
		{016FAA1B-6E49-4E8B-AFFA-960D5BD3D61D}.AppStore|ARM.ActiveCfg = Debug|Any CPU
		{016FAA1B-6E49-4E8B-AFFA-960D5BD3D61D}.AppStore|ARM.Build.0 = Debug|Any CPU
		{016FAA1B-6E49-4E8B-AFFA-960D5BD3D61D}.AppStore|ARM.Deploy.0 = Debug|Any CPU
		{016FAA1B-6E49-4E8B-AFFA-960D5BD3D61D}.AppStore|iPhone.ActiveCfg = Debug|Any CPU
		{016FAA1B-6E49-4E8B-AFFA-960D5BD3D61D}.AppStore|iPhone.Build.0 = Debug|Any CPU
		{016FAA1B-6E49-4E8B-AFFA-960D5BD3D61D}.AppStore|iPhone.Deploy.0 = Debug|Any CPU
		{016FAA1B-6E49-4E8B-AFFA-960D5BD3D61D}.AppStore|iPhoneSimulator.ActiveCfg = Debug|Any CPU
		{016FAA1B-6E49-4E8B-AFFA-960D5BD3D61D}.AppStore|iPhoneSimulator.Build.0 = Debug|Any CPU
		{016FAA1B-6E49-4E8B-AFFA-960D5BD3D61D}.AppStore|iPhoneSimulator.Deploy.0 = Debug|Any CPU
		{016FAA1B-6E49-4E8B-AFFA-960D5BD3D61D}.AppStore|x64.ActiveCfg = Debug|Any CPU
		{016FAA1B-6E49-4E8B-AFFA-960D5BD3D61D}.AppStore|x64.Build.0 = Debug|Any CPU
		{016FAA1B-6E49-4E8B-AFFA-960D5BD3D61D}.AppStore|x64.Deploy.0 = Debug|Any CPU
		{016FAA1B-6E49-4E8B-AFFA-960D5BD3D61D}.AppStore|x86.ActiveCfg = Debug|Any CPU
		{016FAA1B-6E49-4E8B-AFFA-960D5BD3D61D}.AppStore|x86.Build.0 = Debug|Any CPU
		{016FAA1B-6E49-4E8B-AFFA-960D5BD3D61D}.AppStore|x86.Deploy.0 = Debug|Any CPU
		{016FAA1B-6E49-4E8B-AFFA-960D5BD3D61D}.Debug|Any CPU.ActiveCfg = Debug|Any CPU
		{016FAA1B-6E49-4E8B-AFFA-960D5BD3D61D}.Debug|Any CPU.Build.0 = Debug|Any CPU
		{016FAA1B-6E49-4E8B-AFFA-960D5BD3D61D}.Debug|Any CPU.Deploy.0 = Debug|Any CPU
		{016FAA1B-6E49-4E8B-AFFA-960D5BD3D61D}.Debug|ARM.ActiveCfg = Debug|Any CPU
		{016FAA1B-6E49-4E8B-AFFA-960D5BD3D61D}.Debug|ARM.Build.0 = Debug|Any CPU
		{016FAA1B-6E49-4E8B-AFFA-960D5BD3D61D}.Debug|ARM.Deploy.0 = Debug|Any CPU
		{016FAA1B-6E49-4E8B-AFFA-960D5BD3D61D}.Debug|iPhone.ActiveCfg = Debug|Any CPU
		{016FAA1B-6E49-4E8B-AFFA-960D5BD3D61D}.Debug|iPhone.Build.0 = Debug|Any CPU
		{016FAA1B-6E49-4E8B-AFFA-960D5BD3D61D}.Debug|iPhone.Deploy.0 = Debug|Any CPU
		{016FAA1B-6E49-4E8B-AFFA-960D5BD3D61D}.Debug|iPhoneSimulator.ActiveCfg = Debug|Any CPU
		{016FAA1B-6E49-4E8B-AFFA-960D5BD3D61D}.Debug|iPhoneSimulator.Build.0 = Debug|Any CPU
		{016FAA1B-6E49-4E8B-AFFA-960D5BD3D61D}.Debug|iPhoneSimulator.Deploy.0 = Debug|Any CPU
		{016FAA1B-6E49-4E8B-AFFA-960D5BD3D61D}.Debug|x64.ActiveCfg = Debug|Any CPU
		{016FAA1B-6E49-4E8B-AFFA-960D5BD3D61D}.Debug|x64.Build.0 = Debug|Any CPU
		{016FAA1B-6E49-4E8B-AFFA-960D5BD3D61D}.Debug|x64.Deploy.0 = Debug|Any CPU
		{016FAA1B-6E49-4E8B-AFFA-960D5BD3D61D}.Debug|x86.ActiveCfg = Debug|Any CPU
		{016FAA1B-6E49-4E8B-AFFA-960D5BD3D61D}.Debug|x86.Build.0 = Debug|Any CPU
		{016FAA1B-6E49-4E8B-AFFA-960D5BD3D61D}.Debug|x86.Deploy.0 = Debug|Any CPU
		{016FAA1B-6E49-4E8B-AFFA-960D5BD3D61D}.Release|Any CPU.ActiveCfg = Release|Any CPU
		{016FAA1B-6E49-4E8B-AFFA-960D5BD3D61D}.Release|Any CPU.Build.0 = Release|Any CPU
		{016FAA1B-6E49-4E8B-AFFA-960D5BD3D61D}.Release|Any CPU.Deploy.0 = Release|Any CPU
		{016FAA1B-6E49-4E8B-AFFA-960D5BD3D61D}.Release|ARM.ActiveCfg = Release|Any CPU
		{016FAA1B-6E49-4E8B-AFFA-960D5BD3D61D}.Release|ARM.Build.0 = Release|Any CPU
		{016FAA1B-6E49-4E8B-AFFA-960D5BD3D61D}.Release|ARM.Deploy.0 = Release|Any CPU
		{016FAA1B-6E49-4E8B-AFFA-960D5BD3D61D}.Release|iPhone.ActiveCfg = Release|Any CPU
		{016FAA1B-6E49-4E8B-AFFA-960D5BD3D61D}.Release|iPhone.Build.0 = Release|Any CPU
		{016FAA1B-6E49-4E8B-AFFA-960D5BD3D61D}.Release|iPhone.Deploy.0 = Release|Any CPU
		{016FAA1B-6E49-4E8B-AFFA-960D5BD3D61D}.Release|iPhoneSimulator.ActiveCfg = Release|Any CPU
		{016FAA1B-6E49-4E8B-AFFA-960D5BD3D61D}.Release|iPhoneSimulator.Build.0 = Release|Any CPU
		{016FAA1B-6E49-4E8B-AFFA-960D5BD3D61D}.Release|iPhoneSimulator.Deploy.0 = Release|Any CPU
		{016FAA1B-6E49-4E8B-AFFA-960D5BD3D61D}.Release|x64.ActiveCfg = Release|Any CPU
		{016FAA1B-6E49-4E8B-AFFA-960D5BD3D61D}.Release|x64.Build.0 = Release|Any CPU
		{016FAA1B-6E49-4E8B-AFFA-960D5BD3D61D}.Release|x64.Deploy.0 = Release|Any CPU
		{016FAA1B-6E49-4E8B-AFFA-960D5BD3D61D}.Release|x86.ActiveCfg = Release|Any CPU
		{016FAA1B-6E49-4E8B-AFFA-960D5BD3D61D}.Release|x86.Build.0 = Release|Any CPU
		{016FAA1B-6E49-4E8B-AFFA-960D5BD3D61D}.Release|x86.Deploy.0 = Release|Any CPU
		{8D151B56-FC8A-45A7-AB05-61426A1C27E1}.Ad-Hoc|Any CPU.ActiveCfg = Release|Any CPU
		{8D151B56-FC8A-45A7-AB05-61426A1C27E1}.Ad-Hoc|Any CPU.Build.0 = Release|Any CPU
		{8D151B56-FC8A-45A7-AB05-61426A1C27E1}.Ad-Hoc|ARM.ActiveCfg = Release|Any CPU
		{8D151B56-FC8A-45A7-AB05-61426A1C27E1}.Ad-Hoc|ARM.Build.0 = Release|Any CPU
		{8D151B56-FC8A-45A7-AB05-61426A1C27E1}.Ad-Hoc|iPhone.ActiveCfg = Release|Any CPU
		{8D151B56-FC8A-45A7-AB05-61426A1C27E1}.Ad-Hoc|iPhone.Build.0 = Release|Any CPU
		{8D151B56-FC8A-45A7-AB05-61426A1C27E1}.Ad-Hoc|iPhoneSimulator.ActiveCfg = Release|Any CPU
		{8D151B56-FC8A-45A7-AB05-61426A1C27E1}.Ad-Hoc|iPhoneSimulator.Build.0 = Release|Any CPU
		{8D151B56-FC8A-45A7-AB05-61426A1C27E1}.Ad-Hoc|x64.ActiveCfg = Release|Any CPU
		{8D151B56-FC8A-45A7-AB05-61426A1C27E1}.Ad-Hoc|x64.Build.0 = Release|Any CPU
		{8D151B56-FC8A-45A7-AB05-61426A1C27E1}.Ad-Hoc|x86.ActiveCfg = Release|Any CPU
		{8D151B56-FC8A-45A7-AB05-61426A1C27E1}.Ad-Hoc|x86.Build.0 = Release|Any CPU
		{8D151B56-FC8A-45A7-AB05-61426A1C27E1}.AppStore|Any CPU.ActiveCfg = Release|Any CPU
		{8D151B56-FC8A-45A7-AB05-61426A1C27E1}.AppStore|Any CPU.Build.0 = Release|Any CPU
		{8D151B56-FC8A-45A7-AB05-61426A1C27E1}.AppStore|ARM.ActiveCfg = Release|Any CPU
		{8D151B56-FC8A-45A7-AB05-61426A1C27E1}.AppStore|ARM.Build.0 = Release|Any CPU
		{8D151B56-FC8A-45A7-AB05-61426A1C27E1}.AppStore|iPhone.ActiveCfg = Release|Any CPU
		{8D151B56-FC8A-45A7-AB05-61426A1C27E1}.AppStore|iPhone.Build.0 = Release|Any CPU
		{8D151B56-FC8A-45A7-AB05-61426A1C27E1}.AppStore|iPhoneSimulator.ActiveCfg = Release|Any CPU
		{8D151B56-FC8A-45A7-AB05-61426A1C27E1}.AppStore|iPhoneSimulator.Build.0 = Release|Any CPU
		{8D151B56-FC8A-45A7-AB05-61426A1C27E1}.AppStore|x64.ActiveCfg = Release|Any CPU
		{8D151B56-FC8A-45A7-AB05-61426A1C27E1}.AppStore|x64.Build.0 = Release|Any CPU
		{8D151B56-FC8A-45A7-AB05-61426A1C27E1}.AppStore|x86.ActiveCfg = Release|Any CPU
		{8D151B56-FC8A-45A7-AB05-61426A1C27E1}.AppStore|x86.Build.0 = Release|Any CPU
		{8D151B56-FC8A-45A7-AB05-61426A1C27E1}.Debug|Any CPU.ActiveCfg = Debug|Any CPU
		{8D151B56-FC8A-45A7-AB05-61426A1C27E1}.Debug|Any CPU.Build.0 = Debug|Any CPU
		{8D151B56-FC8A-45A7-AB05-61426A1C27E1}.Debug|ARM.ActiveCfg = Debug|Any CPU
		{8D151B56-FC8A-45A7-AB05-61426A1C27E1}.Debug|ARM.Build.0 = Debug|Any CPU
		{8D151B56-FC8A-45A7-AB05-61426A1C27E1}.Debug|iPhone.ActiveCfg = Debug|Any CPU
		{8D151B56-FC8A-45A7-AB05-61426A1C27E1}.Debug|iPhone.Build.0 = Debug|Any CPU
		{8D151B56-FC8A-45A7-AB05-61426A1C27E1}.Debug|iPhoneSimulator.ActiveCfg = Debug|Any CPU
		{8D151B56-FC8A-45A7-AB05-61426A1C27E1}.Debug|iPhoneSimulator.Build.0 = Debug|Any CPU
		{8D151B56-FC8A-45A7-AB05-61426A1C27E1}.Debug|x64.ActiveCfg = Debug|Any CPU
		{8D151B56-FC8A-45A7-AB05-61426A1C27E1}.Debug|x64.Build.0 = Debug|Any CPU
		{8D151B56-FC8A-45A7-AB05-61426A1C27E1}.Debug|x86.ActiveCfg = Debug|Any CPU
		{8D151B56-FC8A-45A7-AB05-61426A1C27E1}.Debug|x86.Build.0 = Debug|Any CPU
		{8D151B56-FC8A-45A7-AB05-61426A1C27E1}.Release|Any CPU.ActiveCfg = Release|Any CPU
		{8D151B56-FC8A-45A7-AB05-61426A1C27E1}.Release|Any CPU.Build.0 = Release|Any CPU
		{8D151B56-FC8A-45A7-AB05-61426A1C27E1}.Release|ARM.ActiveCfg = Release|Any CPU
		{8D151B56-FC8A-45A7-AB05-61426A1C27E1}.Release|ARM.Build.0 = Release|Any CPU
		{8D151B56-FC8A-45A7-AB05-61426A1C27E1}.Release|iPhone.ActiveCfg = Release|Any CPU
		{8D151B56-FC8A-45A7-AB05-61426A1C27E1}.Release|iPhone.Build.0 = Release|Any CPU
		{8D151B56-FC8A-45A7-AB05-61426A1C27E1}.Release|iPhoneSimulator.ActiveCfg = Release|Any CPU
		{8D151B56-FC8A-45A7-AB05-61426A1C27E1}.Release|iPhoneSimulator.Build.0 = Release|Any CPU
		{8D151B56-FC8A-45A7-AB05-61426A1C27E1}.Release|x64.ActiveCfg = Release|Any CPU
		{8D151B56-FC8A-45A7-AB05-61426A1C27E1}.Release|x64.Build.0 = Release|Any CPU
		{8D151B56-FC8A-45A7-AB05-61426A1C27E1}.Release|x86.ActiveCfg = Release|Any CPU
		{8D151B56-FC8A-45A7-AB05-61426A1C27E1}.Release|x86.Build.0 = Release|Any CPU
		{A90EEDB7-B0BF-4570-9A5C-51D9C497EDCA}.Ad-Hoc|Any CPU.ActiveCfg = Release|Any CPU
		{A90EEDB7-B0BF-4570-9A5C-51D9C497EDCA}.Ad-Hoc|Any CPU.Build.0 = Release|Any CPU
		{A90EEDB7-B0BF-4570-9A5C-51D9C497EDCA}.Ad-Hoc|ARM.ActiveCfg = Release|Any CPU
		{A90EEDB7-B0BF-4570-9A5C-51D9C497EDCA}.Ad-Hoc|ARM.Build.0 = Release|Any CPU
		{A90EEDB7-B0BF-4570-9A5C-51D9C497EDCA}.Ad-Hoc|iPhone.ActiveCfg = Release|Any CPU
		{A90EEDB7-B0BF-4570-9A5C-51D9C497EDCA}.Ad-Hoc|iPhone.Build.0 = Release|Any CPU
		{A90EEDB7-B0BF-4570-9A5C-51D9C497EDCA}.Ad-Hoc|iPhoneSimulator.ActiveCfg = Release|Any CPU
		{A90EEDB7-B0BF-4570-9A5C-51D9C497EDCA}.Ad-Hoc|iPhoneSimulator.Build.0 = Release|Any CPU
		{A90EEDB7-B0BF-4570-9A5C-51D9C497EDCA}.Ad-Hoc|x64.ActiveCfg = Release|Any CPU
		{A90EEDB7-B0BF-4570-9A5C-51D9C497EDCA}.Ad-Hoc|x64.Build.0 = Release|Any CPU
		{A90EEDB7-B0BF-4570-9A5C-51D9C497EDCA}.Ad-Hoc|x86.ActiveCfg = Release|Any CPU
		{A90EEDB7-B0BF-4570-9A5C-51D9C497EDCA}.Ad-Hoc|x86.Build.0 = Release|Any CPU
		{A90EEDB7-B0BF-4570-9A5C-51D9C497EDCA}.AppStore|Any CPU.ActiveCfg = Release|Any CPU
		{A90EEDB7-B0BF-4570-9A5C-51D9C497EDCA}.AppStore|Any CPU.Build.0 = Release|Any CPU
		{A90EEDB7-B0BF-4570-9A5C-51D9C497EDCA}.AppStore|ARM.ActiveCfg = Release|Any CPU
		{A90EEDB7-B0BF-4570-9A5C-51D9C497EDCA}.AppStore|ARM.Build.0 = Release|Any CPU
		{A90EEDB7-B0BF-4570-9A5C-51D9C497EDCA}.AppStore|iPhone.ActiveCfg = Release|Any CPU
		{A90EEDB7-B0BF-4570-9A5C-51D9C497EDCA}.AppStore|iPhone.Build.0 = Release|Any CPU
		{A90EEDB7-B0BF-4570-9A5C-51D9C497EDCA}.AppStore|iPhoneSimulator.ActiveCfg = Release|Any CPU
		{A90EEDB7-B0BF-4570-9A5C-51D9C497EDCA}.AppStore|iPhoneSimulator.Build.0 = Release|Any CPU
		{A90EEDB7-B0BF-4570-9A5C-51D9C497EDCA}.AppStore|x64.ActiveCfg = Release|Any CPU
		{A90EEDB7-B0BF-4570-9A5C-51D9C497EDCA}.AppStore|x64.Build.0 = Release|Any CPU
		{A90EEDB7-B0BF-4570-9A5C-51D9C497EDCA}.AppStore|x86.ActiveCfg = Release|Any CPU
		{A90EEDB7-B0BF-4570-9A5C-51D9C497EDCA}.AppStore|x86.Build.0 = Release|Any CPU
		{A90EEDB7-B0BF-4570-9A5C-51D9C497EDCA}.Debug|Any CPU.ActiveCfg = Debug|Any CPU
		{A90EEDB7-B0BF-4570-9A5C-51D9C497EDCA}.Debug|Any CPU.Build.0 = Debug|Any CPU
		{A90EEDB7-B0BF-4570-9A5C-51D9C497EDCA}.Debug|ARM.ActiveCfg = Debug|Any CPU
		{A90EEDB7-B0BF-4570-9A5C-51D9C497EDCA}.Debug|ARM.Build.0 = Debug|Any CPU
		{A90EEDB7-B0BF-4570-9A5C-51D9C497EDCA}.Debug|iPhone.ActiveCfg = Debug|Any CPU
		{A90EEDB7-B0BF-4570-9A5C-51D9C497EDCA}.Debug|iPhone.Build.0 = Debug|Any CPU
		{A90EEDB7-B0BF-4570-9A5C-51D9C497EDCA}.Debug|iPhoneSimulator.ActiveCfg = Debug|Any CPU
		{A90EEDB7-B0BF-4570-9A5C-51D9C497EDCA}.Debug|iPhoneSimulator.Build.0 = Debug|Any CPU
		{A90EEDB7-B0BF-4570-9A5C-51D9C497EDCA}.Debug|x64.ActiveCfg = Debug|Any CPU
		{A90EEDB7-B0BF-4570-9A5C-51D9C497EDCA}.Debug|x64.Build.0 = Debug|Any CPU
		{A90EEDB7-B0BF-4570-9A5C-51D9C497EDCA}.Debug|x86.ActiveCfg = Debug|Any CPU
		{A90EEDB7-B0BF-4570-9A5C-51D9C497EDCA}.Debug|x86.Build.0 = Debug|Any CPU
		{A90EEDB7-B0BF-4570-9A5C-51D9C497EDCA}.Release|Any CPU.ActiveCfg = Release|Any CPU
		{A90EEDB7-B0BF-4570-9A5C-51D9C497EDCA}.Release|Any CPU.Build.0 = Release|Any CPU
		{A90EEDB7-B0BF-4570-9A5C-51D9C497EDCA}.Release|ARM.ActiveCfg = Release|Any CPU
		{A90EEDB7-B0BF-4570-9A5C-51D9C497EDCA}.Release|ARM.Build.0 = Release|Any CPU
		{A90EEDB7-B0BF-4570-9A5C-51D9C497EDCA}.Release|iPhone.ActiveCfg = Release|Any CPU
		{A90EEDB7-B0BF-4570-9A5C-51D9C497EDCA}.Release|iPhone.Build.0 = Release|Any CPU
		{A90EEDB7-B0BF-4570-9A5C-51D9C497EDCA}.Release|iPhoneSimulator.ActiveCfg = Release|Any CPU
		{A90EEDB7-B0BF-4570-9A5C-51D9C497EDCA}.Release|iPhoneSimulator.Build.0 = Release|Any CPU
		{A90EEDB7-B0BF-4570-9A5C-51D9C497EDCA}.Release|x64.ActiveCfg = Release|Any CPU
		{A90EEDB7-B0BF-4570-9A5C-51D9C497EDCA}.Release|x64.Build.0 = Release|Any CPU
		{A90EEDB7-B0BF-4570-9A5C-51D9C497EDCA}.Release|x86.ActiveCfg = Release|Any CPU
		{A90EEDB7-B0BF-4570-9A5C-51D9C497EDCA}.Release|x86.Build.0 = Release|Any CPU
		{9F903487-A24A-4CD7-A01F-B78716F2D2DA}.Ad-Hoc|Any CPU.ActiveCfg = Release|Any CPU
		{9F903487-A24A-4CD7-A01F-B78716F2D2DA}.Ad-Hoc|Any CPU.Build.0 = Release|Any CPU
		{9F903487-A24A-4CD7-A01F-B78716F2D2DA}.Ad-Hoc|ARM.ActiveCfg = Release|Any CPU
		{9F903487-A24A-4CD7-A01F-B78716F2D2DA}.Ad-Hoc|ARM.Build.0 = Release|Any CPU
		{9F903487-A24A-4CD7-A01F-B78716F2D2DA}.Ad-Hoc|iPhone.ActiveCfg = Release|Any CPU
		{9F903487-A24A-4CD7-A01F-B78716F2D2DA}.Ad-Hoc|iPhone.Build.0 = Release|Any CPU
		{9F903487-A24A-4CD7-A01F-B78716F2D2DA}.Ad-Hoc|iPhoneSimulator.ActiveCfg = Release|Any CPU
		{9F903487-A24A-4CD7-A01F-B78716F2D2DA}.Ad-Hoc|iPhoneSimulator.Build.0 = Release|Any CPU
		{9F903487-A24A-4CD7-A01F-B78716F2D2DA}.Ad-Hoc|x64.ActiveCfg = Release|Any CPU
		{9F903487-A24A-4CD7-A01F-B78716F2D2DA}.Ad-Hoc|x64.Build.0 = Release|Any CPU
		{9F903487-A24A-4CD7-A01F-B78716F2D2DA}.Ad-Hoc|x86.ActiveCfg = Release|Any CPU
		{9F903487-A24A-4CD7-A01F-B78716F2D2DA}.Ad-Hoc|x86.Build.0 = Release|Any CPU
		{9F903487-A24A-4CD7-A01F-B78716F2D2DA}.AppStore|Any CPU.ActiveCfg = Release|Any CPU
		{9F903487-A24A-4CD7-A01F-B78716F2D2DA}.AppStore|Any CPU.Build.0 = Release|Any CPU
		{9F903487-A24A-4CD7-A01F-B78716F2D2DA}.AppStore|ARM.ActiveCfg = Release|Any CPU
		{9F903487-A24A-4CD7-A01F-B78716F2D2DA}.AppStore|ARM.Build.0 = Release|Any CPU
		{9F903487-A24A-4CD7-A01F-B78716F2D2DA}.AppStore|iPhone.ActiveCfg = Release|Any CPU
		{9F903487-A24A-4CD7-A01F-B78716F2D2DA}.AppStore|iPhone.Build.0 = Release|Any CPU
		{9F903487-A24A-4CD7-A01F-B78716F2D2DA}.AppStore|iPhoneSimulator.ActiveCfg = Release|Any CPU
		{9F903487-A24A-4CD7-A01F-B78716F2D2DA}.AppStore|iPhoneSimulator.Build.0 = Release|Any CPU
		{9F903487-A24A-4CD7-A01F-B78716F2D2DA}.AppStore|x64.ActiveCfg = Release|Any CPU
		{9F903487-A24A-4CD7-A01F-B78716F2D2DA}.AppStore|x64.Build.0 = Release|Any CPU
		{9F903487-A24A-4CD7-A01F-B78716F2D2DA}.AppStore|x86.ActiveCfg = Release|Any CPU
		{9F903487-A24A-4CD7-A01F-B78716F2D2DA}.AppStore|x86.Build.0 = Release|Any CPU
		{9F903487-A24A-4CD7-A01F-B78716F2D2DA}.Debug|Any CPU.ActiveCfg = Debug|Any CPU
		{9F903487-A24A-4CD7-A01F-B78716F2D2DA}.Debug|Any CPU.Build.0 = Debug|Any CPU
		{9F903487-A24A-4CD7-A01F-B78716F2D2DA}.Debug|ARM.ActiveCfg = Debug|Any CPU
		{9F903487-A24A-4CD7-A01F-B78716F2D2DA}.Debug|ARM.Build.0 = Debug|Any CPU
		{9F903487-A24A-4CD7-A01F-B78716F2D2DA}.Debug|iPhone.ActiveCfg = Debug|Any CPU
		{9F903487-A24A-4CD7-A01F-B78716F2D2DA}.Debug|iPhone.Build.0 = Debug|Any CPU
		{9F903487-A24A-4CD7-A01F-B78716F2D2DA}.Debug|iPhoneSimulator.ActiveCfg = Debug|Any CPU
		{9F903487-A24A-4CD7-A01F-B78716F2D2DA}.Debug|iPhoneSimulator.Build.0 = Debug|Any CPU
		{9F903487-A24A-4CD7-A01F-B78716F2D2DA}.Debug|x64.ActiveCfg = Debug|Any CPU
		{9F903487-A24A-4CD7-A01F-B78716F2D2DA}.Debug|x64.Build.0 = Debug|Any CPU
		{9F903487-A24A-4CD7-A01F-B78716F2D2DA}.Debug|x86.ActiveCfg = Debug|Any CPU
		{9F903487-A24A-4CD7-A01F-B78716F2D2DA}.Debug|x86.Build.0 = Debug|Any CPU
		{9F903487-A24A-4CD7-A01F-B78716F2D2DA}.Release|Any CPU.ActiveCfg = Release|Any CPU
		{9F903487-A24A-4CD7-A01F-B78716F2D2DA}.Release|Any CPU.Build.0 = Release|Any CPU
		{9F903487-A24A-4CD7-A01F-B78716F2D2DA}.Release|ARM.ActiveCfg = Release|Any CPU
		{9F903487-A24A-4CD7-A01F-B78716F2D2DA}.Release|ARM.Build.0 = Release|Any CPU
		{9F903487-A24A-4CD7-A01F-B78716F2D2DA}.Release|iPhone.ActiveCfg = Release|Any CPU
		{9F903487-A24A-4CD7-A01F-B78716F2D2DA}.Release|iPhone.Build.0 = Release|Any CPU
		{9F903487-A24A-4CD7-A01F-B78716F2D2DA}.Release|iPhoneSimulator.ActiveCfg = Release|Any CPU
		{9F903487-A24A-4CD7-A01F-B78716F2D2DA}.Release|iPhoneSimulator.Build.0 = Release|Any CPU
		{9F903487-A24A-4CD7-A01F-B78716F2D2DA}.Release|x64.ActiveCfg = Release|Any CPU
		{9F903487-A24A-4CD7-A01F-B78716F2D2DA}.Release|x64.Build.0 = Release|Any CPU
		{9F903487-A24A-4CD7-A01F-B78716F2D2DA}.Release|x86.ActiveCfg = Release|Any CPU
		{9F903487-A24A-4CD7-A01F-B78716F2D2DA}.Release|x86.Build.0 = Release|Any CPU
		{AC483985-3680-405F-AD72-9D5CE7C40E50}.Ad-Hoc|Any CPU.ActiveCfg = Release|Any CPU
		{AC483985-3680-405F-AD72-9D5CE7C40E50}.Ad-Hoc|Any CPU.Build.0 = Release|Any CPU
		{AC483985-3680-405F-AD72-9D5CE7C40E50}.Ad-Hoc|ARM.ActiveCfg = Release|Any CPU
		{AC483985-3680-405F-AD72-9D5CE7C40E50}.Ad-Hoc|ARM.Build.0 = Release|Any CPU
		{AC483985-3680-405F-AD72-9D5CE7C40E50}.Ad-Hoc|iPhone.ActiveCfg = Release|Any CPU
		{AC483985-3680-405F-AD72-9D5CE7C40E50}.Ad-Hoc|iPhone.Build.0 = Release|Any CPU
		{AC483985-3680-405F-AD72-9D5CE7C40E50}.Ad-Hoc|iPhoneSimulator.ActiveCfg = Release|Any CPU
		{AC483985-3680-405F-AD72-9D5CE7C40E50}.Ad-Hoc|iPhoneSimulator.Build.0 = Release|Any CPU
		{AC483985-3680-405F-AD72-9D5CE7C40E50}.Ad-Hoc|x64.ActiveCfg = Release|Any CPU
		{AC483985-3680-405F-AD72-9D5CE7C40E50}.Ad-Hoc|x64.Build.0 = Release|Any CPU
		{AC483985-3680-405F-AD72-9D5CE7C40E50}.Ad-Hoc|x86.ActiveCfg = Release|Any CPU
		{AC483985-3680-405F-AD72-9D5CE7C40E50}.Ad-Hoc|x86.Build.0 = Release|Any CPU
		{AC483985-3680-405F-AD72-9D5CE7C40E50}.AppStore|Any CPU.ActiveCfg = Release|Any CPU
		{AC483985-3680-405F-AD72-9D5CE7C40E50}.AppStore|Any CPU.Build.0 = Release|Any CPU
		{AC483985-3680-405F-AD72-9D5CE7C40E50}.AppStore|ARM.ActiveCfg = Release|Any CPU
		{AC483985-3680-405F-AD72-9D5CE7C40E50}.AppStore|ARM.Build.0 = Release|Any CPU
		{AC483985-3680-405F-AD72-9D5CE7C40E50}.AppStore|iPhone.ActiveCfg = Release|Any CPU
		{AC483985-3680-405F-AD72-9D5CE7C40E50}.AppStore|iPhone.Build.0 = Release|Any CPU
		{AC483985-3680-405F-AD72-9D5CE7C40E50}.AppStore|iPhoneSimulator.ActiveCfg = Release|Any CPU
		{AC483985-3680-405F-AD72-9D5CE7C40E50}.AppStore|iPhoneSimulator.Build.0 = Release|Any CPU
		{AC483985-3680-405F-AD72-9D5CE7C40E50}.AppStore|x64.ActiveCfg = Release|Any CPU
		{AC483985-3680-405F-AD72-9D5CE7C40E50}.AppStore|x64.Build.0 = Release|Any CPU
		{AC483985-3680-405F-AD72-9D5CE7C40E50}.AppStore|x86.ActiveCfg = Release|Any CPU
		{AC483985-3680-405F-AD72-9D5CE7C40E50}.AppStore|x86.Build.0 = Release|Any CPU
		{AC483985-3680-405F-AD72-9D5CE7C40E50}.Debug|Any CPU.ActiveCfg = Debug|Any CPU
		{AC483985-3680-405F-AD72-9D5CE7C40E50}.Debug|Any CPU.Build.0 = Debug|Any CPU
		{AC483985-3680-405F-AD72-9D5CE7C40E50}.Debug|ARM.ActiveCfg = Debug|Any CPU
		{AC483985-3680-405F-AD72-9D5CE7C40E50}.Debug|ARM.Build.0 = Debug|Any CPU
		{AC483985-3680-405F-AD72-9D5CE7C40E50}.Debug|iPhone.ActiveCfg = Debug|Any CPU
		{AC483985-3680-405F-AD72-9D5CE7C40E50}.Debug|iPhone.Build.0 = Debug|Any CPU
		{AC483985-3680-405F-AD72-9D5CE7C40E50}.Debug|iPhoneSimulator.ActiveCfg = Debug|Any CPU
		{AC483985-3680-405F-AD72-9D5CE7C40E50}.Debug|iPhoneSimulator.Build.0 = Debug|Any CPU
		{AC483985-3680-405F-AD72-9D5CE7C40E50}.Debug|x64.ActiveCfg = Debug|Any CPU
		{AC483985-3680-405F-AD72-9D5CE7C40E50}.Debug|x64.Build.0 = Debug|Any CPU
		{AC483985-3680-405F-AD72-9D5CE7C40E50}.Debug|x86.ActiveCfg = Debug|Any CPU
		{AC483985-3680-405F-AD72-9D5CE7C40E50}.Debug|x86.Build.0 = Debug|Any CPU
		{AC483985-3680-405F-AD72-9D5CE7C40E50}.Release|Any CPU.ActiveCfg = Release|Any CPU
		{AC483985-3680-405F-AD72-9D5CE7C40E50}.Release|Any CPU.Build.0 = Release|Any CPU
		{AC483985-3680-405F-AD72-9D5CE7C40E50}.Release|ARM.ActiveCfg = Release|Any CPU
		{AC483985-3680-405F-AD72-9D5CE7C40E50}.Release|ARM.Build.0 = Release|Any CPU
		{AC483985-3680-405F-AD72-9D5CE7C40E50}.Release|iPhone.ActiveCfg = Release|Any CPU
		{AC483985-3680-405F-AD72-9D5CE7C40E50}.Release|iPhone.Build.0 = Release|Any CPU
		{AC483985-3680-405F-AD72-9D5CE7C40E50}.Release|iPhoneSimulator.ActiveCfg = Release|Any CPU
		{AC483985-3680-405F-AD72-9D5CE7C40E50}.Release|iPhoneSimulator.Build.0 = Release|Any CPU
		{AC483985-3680-405F-AD72-9D5CE7C40E50}.Release|x64.ActiveCfg = Release|Any CPU
		{AC483985-3680-405F-AD72-9D5CE7C40E50}.Release|x64.Build.0 = Release|Any CPU
		{AC483985-3680-405F-AD72-9D5CE7C40E50}.Release|x86.ActiveCfg = Release|Any CPU
		{AC483985-3680-405F-AD72-9D5CE7C40E50}.Release|x86.Build.0 = Release|Any CPU
	EndGlobalSection
	GlobalSection(SolutionProperties) = preSolution
		HideSolutionNode = FALSE
	EndGlobalSection
	GlobalSection(ExtensibilityGlobals) = postSolution
		SolutionGuid = {F8547F51-6051-4881-BD00-4B68A093EA1E}
	EndGlobalSection
EndGlobal
